
Microsoft Visual Studio Solution File, Format Version 10.00
# Visual Studio 2008
Project("{F184B08F-C81C-45F6-A57F-5ABD9991F28F}") = "ProjectGuis", "ProjectGuis\ProjectGuis.vbproj", "{CD36305B-0AF8-4E07-A9AF-4798C642C794}"
EndProject
Global
	GlobalSection(SolutionConfigurationPlatforms) = preSolution
		Debug|Any CPU = Debug|Any CPU
		Release|Any CPU = Release|Any CPU
	EndGlobalSection
	GlobalSection(ProjectConfigurationPlatforms) = postSolution
		{CD36305B-0AF8-4E07-A9AF-4798C642C794}.Debug|Any CPU.ActiveCfg = Debug|Any CPU
		{CD36305B-0AF8-4E07-A9AF-4798C642C794}.Debug|Any CPU.Build.0 = Debug|Any CPU
		{CD36305B-0AF8-4E07-A9AF-4798C642C794}.Release|Any CPU.ActiveCfg = Release|Any CPU
		{CD36305B-0AF8-4E07-A9AF-4798C642C794}.Release|Any CPU.Build.0 = Release|Any CPU
	EndGlobalSection
	GlobalSection(SolutionProperties) = preSolution
		HideSolutionNode = FALSE
	EndGlobalSection
EndGlobal
